
Microsoft Visual Studio Solution File, Format Version 12.00
# Visual Studio Version 17
VisualStudioVersion = 17.2.32519.379
MinimumVisualStudioVersion = 10.0.40219.1
Project("{FAE04EC0-301F-11D3-BF4B-00C04F79EFBC}") = "MarvieritosApp", "MarvieritosApp\MarvieritosApp.csproj", "{CDA0545B-1B60-4976-9816-29E6C15112C6}"
EndProject
Global
	GlobalSection(SolutionConfigurationPlatforms) = preSolution
		Debug|Any CPU = Debug|Any CPU
		Release|Any CPU = Release|Any CPU
	EndGlobalSection
	GlobalSection(ProjectConfigurationPlatforms) = postSolution
		{CDA0545B-1B60-4976-9816-29E6C15112C6}.Debug|Any CPU.ActiveCfg = Debug|Any CPU
		{CDA0545B-1B60-4976-9816-29E6C15112C6}.Debug|Any CPU.Build.0 = Debug|Any CPU
		{CDA0545B-1B60-4976-9816-29E6C15112C6}.Release|Any CPU.ActiveCfg = Release|Any CPU
		{CDA0545B-1B60-4976-9816-29E6C15112C6}.Release|Any CPU.Build.0 = Release|Any CPU
	EndGlobalSection
	GlobalSection(SolutionProperties) = preSolution
		HideSolutionNode = FALSE
	EndGlobalSection
	GlobalSection(ExtensibilityGlobals) = postSolution
		SolutionGuid = {14D44EAD-479A-40CB-9D23-DA2A4A24B973}
	EndGlobalSection
EndGlobal
